<Solution>
  <Project Path="KasaTapoCrestronDriver.ControlProbe/KasaTapoCrestronDriver.ControlProbe.csproj" />
  <Project Path="../KasaClient/KasaClient/KasaTapoClient.csproj">
    <Build Project="false" />
  </Project>
  <Project Path="KasaTapoCrestronDriver.Lifecycle.Tests/KasaTapoCrestronDriver.Lifecycle.Tests.csproj" />
  <Project Path="KasaTapoCrestronDriver.ProcessorTests/KasaTapoCrestronDriver.ProcessorTests.csproj" />
  <Project Path="KasaTapoCrestronDriver.Tests/KasaTapoCrestronDriver.Tests.csproj" />
  <Project Path="KasaTapoCrestronDriver.WorkflowTests/KasaTapoCrestronDriver.WorkflowTests.csproj" />
  <Project Path="KasaTapoCrestronDriver/KasaTapoCrestronDriver.csproj" />
</Solution>